<?xml version="1.0" encoding="utf-8"?>
<Project ToolsVersion="4.0" xmlns="http://schemas.microsoft.com/developer/msbuild/2003">
  <ItemGroup>
    <Filter Include="Source Files">
      <UniqueIdentifier>{4FC737F1-C7A5-4376-A066-2A32D752A2FF}</UniqueIdentifier>
      <Extensions>cpp;c;cc;cxx;c++;cppm;ixx;def;odl;idl;hpj;bat;asm;asmx</Extensions>
    </Filter>
    <Filter Include="Header Files">
      <UniqueIdentifier>{93995380-89BD-4b04-88EB-625FBE52EBFB}</UniqueIdentifier>
      <Extensions>h;hh;hpp;hxx;h++;hm;inl;inc;ipp;xsd</Extensions>
    </Filter>
    <Filter Include="Resource Files">
      <UniqueIdentifier>{67DA6AB6-F800-4c08-8B7A-83BB121AAD01}</UniqueIdentifier>
      <Extensions>rc;ico;cur;bmp;dlg;rc2;rct;bin;rgs;gif;jpg;jpeg;jpe;resx;tiff;tif;png;wav;mfcribbon-ms</Extensions>
    </Filter>
    <Filter Include="Source Files\Components">
      <UniqueIdentifier>{2969b62c-6c26-4a8b-9ad2-90cd2affc56d}</UniqueIdentifier>
    </Filter>
    <Filter Include="Source Files\Scenes">
      <UniqueIdentifier>{2705fc75-5982-4e4d-90e9-41d17306e9d8}</UniqueIdentifier>
    </Filter>
  </ItemGroup>
  <ItemGroup>
    <ClCompile Include="Pacman.cpp">
      <Filter>Source Files</Filter>
    </ClCompile>
    <ClCompile Include="MoveCommand.cpp">
      <Filter>Source Files</Filter>
    </ClCompile>
    <ClCompile Include="DebugScoreCommand.cpp">
      <Filter>Source Files\Components</Filter>
    </ClCompile>
    <ClCompile Include="LivesComponent.cpp">
      <Filter>Source Files\Components</Filter>
    </ClCompile>
    <ClCompile Include="LivesDisplayComponent.cpp">
      <Filter>Source Files\Components</Filter>
    </ClCompile>
    <ClCompile Include="DebugLivesCommand.cpp">
      <Filter>Source Files\Components</Filter>
    </ClCompile>
    <ClCompile Include="ScoreDisplayComponent.cpp">
      <Filter>Source Files\Components</Filter>
    </ClCompile>
    <ClCompile Include="ScoreComponent.cpp">
      <Filter>Source Files\Components</Filter>
    </ClCompile>
    <ClCompile Include="PointsComponent.cpp">
      <Filter>Source Files\Components</Filter>
    </ClCompile>
    <ClCompile Include="PickupComponent.cpp">
      <Filter>Source Files\Components</Filter>
    </ClCompile>
    <ClCompile Include="PlayerComponent.cpp">
      <Filter>Source Files\Components</Filter>
    </ClCompile>
    <ClCompile Include="MapGeneratorComponent.cpp">
      <Filter>Source Files\Components</Filter>
    </ClCompile>
    <ClCompile Include="MapRenderComponent.cpp">
      <Filter>Source Files\Components</Filter>
    </ClCompile>
    <ClCompile Include="GhostControllerComponent.cpp">
      <Filter>Source Files</Filter>
    </ClCompile>
    <ClCompile Include="Scenes.cpp">
      <Filter>Source Files</Filter>
    </ClCompile>
  </ItemGroup>
  <ItemGroup>
    <ClInclude Include="MoveCommand.h">
      <Filter>Header Files</Filter>
    </ClInclude>
    <ClInclude Include="DebugLivesCommand.h">
      <Filter>Source Files\Components</Filter>
    </ClInclude>
    <ClInclude Include="DebugScoreCommand.h">
      <Filter>Source Files\Components</Filter>
    </ClInclude>
    <ClInclude Include="LivesComponent.h">
      <Filter>Source Files\Components</Filter>
    </ClInclude>
    <ClInclude Include="LivesDisplayComponent.h">
      <Filter>Source Files\Components</Filter>
    </ClInclude>
    <ClInclude Include="PickupComponent.h">
      <Filter>Source Files\Components</Filter>
    </ClInclude>
    <ClInclude Include="PointsComponent.h">
      <Filter>Source Files\Components</Filter>
    </ClInclude>
    <ClInclude Include="ScoreComponent.h">
      <Filter>Source Files\Components</Filter>
    </ClInclude>
    <ClInclude Include="ScoreDisplayComponent.h">
      <Filter>Source Files\Components</Filter>
    </ClInclude>
    <ClInclude Include="MapGeneratorComponent.h">
      <Filter>Source Files\Components</Filter>
    </ClInclude>
    <ClInclude Include="PlayerComponent.h">
      <Filter>Source Files\Components</Filter>
    </ClInclude>
    <ClInclude Include="MapRenderComponent.h">
      <Filter>Source Files\Components</Filter>
    </ClInclude>
    <ClInclude Include="GhostControllerComponent.h">
      <Filter>Header Files</Filter>
    </ClInclude>
    <ClInclude Include="Scenes.h">
      <Filter>Header Files</Filter>
    </ClInclude>
  </ItemGroup>
</Project>