<?xml version="1.0" encoding="utf-8"?>
<Project ToolsVersion="4.0" xmlns="http://schemas.microsoft.com/developer/msbuild/2003">
  <ItemGroup>
    <Filter Include="Source Files">
      <UniqueIdentifier>{4FC737F1-C7A5-4376-A066-2A32D752A2FF}</UniqueIdentifier>
      <Extensions>cpp;c;cc;cxx;c++;cppm;ixx;def;odl;idl;hpj;bat;asm;asmx</Extensions>
    </Filter>
    <Filter Include="Header Files">
      <UniqueIdentifier>{93995380-89BD-4b04-88EB-625FBE52EBFB}</UniqueIdentifier>
      <Extensions>h;hh;hpp;hxx;h++;hm;inl;inc;ipp;xsd</Extensions>
    </Filter>
    <Filter Include="Resource Files">
      <UniqueIdentifier>{67DA6AB6-F800-4c08-8B7A-83BB121AAD01}</UniqueIdentifier>
      <Extensions>rc;ico;cur;bmp;dlg;rc2;rct;bin;rgs;gif;jpg;jpeg;jpe;resx;tiff;tif;png;wav;mfcribbon-ms</Extensions>
    </Filter>
    <Filter Include="Source Files\Components">
      <UniqueIdentifier>{2969b62c-6c26-4a8b-9ad2-90cd2affc56d}</UniqueIdentifier>
    </Filter>
    <Filter Include="Source Files\Scenes">
      <UniqueIdentifier>{2705fc75-5982-4e4d-90e9-41d17306e9d8}</UniqueIdentifier>
    </Filter>
    <Filter Include="Source Files\Commands">
      <UniqueIdentifier>{776037ee-cb2c-477b-9809-d244f7e7a3a1}</UniqueIdentifier>
    </Filter>
    <Filter Include="Source Files\IO">
      <UniqueIdentifier>{73dc13e4-9e96-480c-a712-9085f3a1bd6b}</UniqueIdentifier>
    </Filter>
    <Filter Include="Source Files\Components\States">
      <UniqueIdentifier>{4cb0355c-82cc-4932-b849-009fcd2ef1a3}</UniqueIdentifier>
    </Filter>
    <Filter Include="Source Files\GameEvents">
      <UniqueIdentifier>{04dfb868-dac3-43eb-80c5-740bf039c4b6}</UniqueIdentifier>
    </Filter>
    <Filter Include="Source Files\Components\UI">
      <UniqueIdentifier>{e4f718c9-25f4-4db3-b432-b36fb496859c}</UniqueIdentifier>
    </Filter>
  </ItemGroup>
  <ItemGroup>
    <ClCompile Include="Pacman.cpp">
      <Filter>Source Files</Filter>
    </ClCompile>
    <ClCompile Include="DebugScoreCommand.cpp">
      <Filter>Source Files\Components</Filter>
    </ClCompile>
    <ClCompile Include="LivesComponent.cpp">
      <Filter>Source Files\Components</Filter>
    </ClCompile>
    <ClCompile Include="LivesDisplayComponent.cpp">
      <Filter>Source Files\Components</Filter>
    </ClCompile>
    <ClCompile Include="DebugLivesCommand.cpp">
      <Filter>Source Files\Components</Filter>
    </ClCompile>
    <ClCompile Include="ScoreDisplayComponent.cpp">
      <Filter>Source Files\Components</Filter>
    </ClCompile>
    <ClCompile Include="ScoreComponent.cpp">
      <Filter>Source Files\Components</Filter>
    </ClCompile>
    <ClCompile Include="PickupComponent.cpp">
      <Filter>Source Files\Components</Filter>
    </ClCompile>
    <ClCompile Include="PlayerComponent.cpp">
      <Filter>Source Files\Components</Filter>
    </ClCompile>
    <ClCompile Include="MapGeneratorComponent.cpp">
      <Filter>Source Files\Components</Filter>
    </ClCompile>
    <ClCompile Include="MapRenderComponent.cpp">
      <Filter>Source Files\Components</Filter>
    </ClCompile>
    <ClCompile Include="Scenes.cpp">
      <Filter>Source Files\Scenes</Filter>
    </ClCompile>
    <ClCompile Include="MoveCommand.cpp">
      <Filter>Source Files\Commands</Filter>
    </ClCompile>
    <ClCompile Include="GhostControllerComponent.cpp">
      <Filter>Source Files\Components</Filter>
    </ClCompile>
    <ClCompile Include="ButtonNavCommand.cpp">
      <Filter>Source Files\Commands</Filter>
    </ClCompile>
    <ClCompile Include="ButtonPressCommand.cpp">
      <Filter>Source Files\Commands</Filter>
    </ClCompile>
    <ClCompile Include="LevelIO.cpp">
      <Filter>Source Files\IO</Filter>
    </ClCompile>
    <ClCompile Include="GhostWanderState.cpp">
      <Filter>Source Files\Components\States</Filter>
    </ClCompile>
    <ClCompile Include="GhostComponent.cpp">
      <Filter>Source Files\Components</Filter>
    </ClCompile>
    <ClCompile Include="GhostHuntState.cpp">
      <Filter>Source Files\Components\States</Filter>
    </ClCompile>
    <ClCompile Include="GhostScaredState.cpp">
      <Filter>Source Files\Components\States</Filter>
    </ClCompile>
    <ClCompile Include="ScaredTimerComponent.cpp">
      <Filter>Source Files\Components</Filter>
    </ClCompile>
    <ClCompile Include="LetterScrollButtonComponent.cpp">
      <Filter>Source Files\Components\UI</Filter>
    </ClCompile>
    <ClCompile Include="ButtonScrollCommand.cpp">
      <Filter>Source Files\Commands</Filter>
    </ClCompile>
    <ClCompile Include="HighScoreIO.cpp">
      <Filter>Source Files\IO</Filter>
    </ClCompile>
    <ClCompile Include="HighScoreComponent.cpp">
      <Filter>Source Files\Components</Filter>
    </ClCompile>
  </ItemGroup>
  <ItemGroup>
    <ClInclude Include="DebugLivesCommand.h">
      <Filter>Source Files\Components</Filter>
    </ClInclude>
    <ClInclude Include="DebugScoreCommand.h">
      <Filter>Source Files\Components</Filter>
    </ClInclude>
    <ClInclude Include="LivesComponent.h">
      <Filter>Source Files\Components</Filter>
    </ClInclude>
    <ClInclude Include="LivesDisplayComponent.h">
      <Filter>Source Files\Components</Filter>
    </ClInclude>
    <ClInclude Include="PickupComponent.h">
      <Filter>Source Files\Components</Filter>
    </ClInclude>
    <ClInclude Include="ScoreComponent.h">
      <Filter>Source Files\Components</Filter>
    </ClInclude>
    <ClInclude Include="ScoreDisplayComponent.h">
      <Filter>Source Files\Components</Filter>
    </ClInclude>
    <ClInclude Include="MapGeneratorComponent.h">
      <Filter>Source Files\Components</Filter>
    </ClInclude>
    <ClInclude Include="PlayerComponent.h">
      <Filter>Source Files\Components</Filter>
    </ClInclude>
    <ClInclude Include="MapRenderComponent.h">
      <Filter>Source Files\Components</Filter>
    </ClInclude>
    <ClInclude Include="Scenes.h">
      <Filter>Source Files\Scenes</Filter>
    </ClInclude>
    <ClInclude Include="MoveCommand.h">
      <Filter>Source Files\Commands</Filter>
    </ClInclude>
    <ClInclude Include="GhostControllerComponent.h">
      <Filter>Source Files\Components</Filter>
    </ClInclude>
    <ClInclude Include="ButtonNavCommand.h">
      <Filter>Source Files\Commands</Filter>
    </ClInclude>
    <ClInclude Include="ButtonPressCommand.h">
      <Filter>Source Files\Commands</Filter>
    </ClInclude>
    <ClInclude Include="LevelIO.h">
      <Filter>Source Files\IO</Filter>
    </ClInclude>
    <ClInclude Include="GhostState.h">
      <Filter>Source Files\Components\States</Filter>
    </ClInclude>
    <ClInclude Include="GhostWanderState.h">
      <Filter>Source Files\Components\States</Filter>
    </ClInclude>
    <ClInclude Include="GhostComponent.h">
      <Filter>Source Files\Components</Filter>
    </ClInclude>
    <ClInclude Include="PlayerEvents.h">
      <Filter>Source Files\GameEvents</Filter>
    </ClInclude>
    <ClInclude Include="GhostHuntState.h">
      <Filter>Source Files\Components\States</Filter>
    </ClInclude>
    <ClInclude Include="GhostScaredState.h">
      <Filter>Source Files\Components\States</Filter>
    </ClInclude>
    <ClInclude Include="ScaredTimerComponent.h">
      <Filter>Source Files\Components</Filter>
    </ClInclude>
    <ClInclude Include="LetterScrollButtonComponent.h">
      <Filter>Source Files\Components\UI</Filter>
    </ClInclude>
    <ClInclude Include="ButtonScrollCommand.h">
      <Filter>Source Files\Commands</Filter>
    </ClInclude>
    <ClInclude Include="HighScoreIO.h">
      <Filter>Source Files\IO</Filter>
    </ClInclude>
    <ClInclude Include="HighScoreComponent.h">
      <Filter>Source Files\Components</Filter>
    </ClInclude>
  </ItemGroup>
</Project>